
Microsoft Visual Studio Solution File, Format Version 12.00
# Visual Studio Version 16
VisualStudioVersion = 16.0.31328.270
MinimumVisualStudioVersion = 10.0.40219.1
Project("{FAE04EC0-301F-11D3-BF4B-00C04F79EFBC}") = "ExpensesTracker", "ExpensesTracker.csproj", "{DB9922A5-E129-426C-A886-B5B387C62574}"
EndProject
Global
	GlobalSection(SolutionConfigurationPlatforms) = preSolution
		Debug|Any CPU = Debug|Any CPU
		Release|Any CPU = Release|Any CPU
	EndGlobalSection
	GlobalSection(ProjectConfigurationPlatforms) = postSolution
		{DB9922A5-E129-426C-A886-B5B387C62574}.Debug|Any CPU.ActiveCfg = Debug|Any CPU
		{DB9922A5-E129-426C-A886-B5B387C62574}.Debug|Any CPU.Build.0 = Debug|Any CPU
		{DB9922A5-E129-426C-A886-B5B387C62574}.Release|Any CPU.ActiveCfg = Release|Any CPU
		{DB9922A5-E129-426C-A886-B5B387C62574}.Release|Any CPU.Build.0 = Release|Any CPU
	EndGlobalSection
	GlobalSection(SolutionProperties) = preSolution
		HideSolutionNode = FALSE
	EndGlobalSection
	GlobalSection(ExtensibilityGlobals) = postSolution
		SolutionGuid = {B366C38F-C1BC-4857-BD61-A5F841DBAB24}
	EndGlobalSection
EndGlobal
